
Microsoft Visual Studio Solution File, Format Version 12.00
# Visual Studio Version 17
VisualStudioVersion = 17.0.31903.59
MinimumVisualStudioVersion = 10.0.40219.1
Project("{2150E333-8FDC-42A3-9474-1A3956D46DE8}") = "src", "src", "{827E0CD3-B72D-47B6-A68D-7590B98EB39B}"
EndProject
Project("{2150E333-8FDC-42A3-9474-1A3956D46DE8}") = "Domain", "Domain", "{8B290487-4C16-E85E-E807-F579CBE9FC4D}"
EndProject
Project("{FAE04EC0-301F-11D3-BF4B-00C04F79EFBC}") = "DeterministicAiLab.Domain", "src\Domain\DeterministicAiLab.Domain\DeterministicAiLab.Domain.csproj", "{8F1201BD-C179-4403-80BB-891209D99F6E}"
EndProject
Project("{2150E333-8FDC-42A3-9474-1A3956D46DE8}") = "Application", "Application", "{22BAF98C-8415-17C4-B26A-D537657BC863}"
EndProject
Project("{FAE04EC0-301F-11D3-BF4B-00C04F79EFBC}") = "DeterministicAiLab.Contracts", "src\Application\DeterministicAiLab.Contracts\DeterministicAiLab.Contracts.csproj", "{BF8A699C-DA82-420F-9581-D7CECC6D289E}"
EndProject
Project("{FAE04EC0-301F-11D3-BF4B-00C04F79EFBC}") = "DeterministicAiLab.Application", "src\Application\DeterministicAiLab.Application\DeterministicAiLab.Application.csproj", "{4FDB53DA-1B3A-44B5-989E-5A8F500B23F2}"
EndProject
Project("{2150E333-8FDC-42A3-9474-1A3956D46DE8}") = "Infrastructure", "Infrastructure", "{9048EB7F-3875-A59E-E36B-5BD4C6F2A282}"
EndProject
Project("{FAE04EC0-301F-11D3-BF4B-00C04F79EFBC}") = "DeterministicAiLab.Api", "src\Infrastructure\DeterministicAiLab.Api\DeterministicAiLab.Api.csproj", "{83DD5EFC-88B8-42E2-AAD2-B3B2F22EAF7C}"
EndProject
Project("{2150E333-8FDC-42A3-9474-1A3956D46DE8}") = "tests", "tests", "{0AB3BF05-4346-4AA6-1389-037BE0695223}"
EndProject
Project("{FAE04EC0-301F-11D3-BF4B-00C04F79EFBC}") = "DeterministicAiLab.Domain.Tests", "tests\DeterministicAiLab.Domain.Tests\DeterministicAiLab.Domain.Tests.csproj", "{DF5C2071-FB46-4422-9866-B903957E11C9}"
EndProject
Project("{FAE04EC0-301F-11D3-BF4B-00C04F79EFBC}") = "DeterministicAiLab.Application.Tests", "tests\DeterministicAiLab.Application.Tests\DeterministicAiLab.Application.Tests.csproj", "{871ADB8E-B8AE-4745-B3FB-C0688CE17B83}"
EndProject
Project("{FAE04EC0-301F-11D3-BF4B-00C04F79EFBC}") = "DeterministicAiLab.Api.IntegrationTests", "tests\DeterministicAiLab.Api.IntegrationTests\DeterministicAiLab.Api.IntegrationTests.csproj", "{D86AD5FE-387B-4FEF-9053-6B56106A16CC}"
EndProject
Project("{FAE04EC0-301F-11D3-BF4B-00C04F79EFBC}") = "DeterministicAiLab.Domain.BDD.Tests", "tests\DeterministicAiLab.Domain.BDD.Tests\DeterministicAiLab.Domain.BDD.Tests.csproj", "{2C22E4D3-A8E1-4DB0-9F4C-56ACE5EAE352}"
EndProject
Global
	GlobalSection(SolutionConfigurationPlatforms) = preSolution
		Debug|Any CPU = Debug|Any CPU
		Debug|x64 = Debug|x64
		Debug|x86 = Debug|x86
		Release|Any CPU = Release|Any CPU
		Release|x64 = Release|x64
		Release|x86 = Release|x86
	EndGlobalSection
	GlobalSection(ProjectConfigurationPlatforms) = postSolution
		{8F1201BD-C179-4403-80BB-891209D99F6E}.Debug|Any CPU.ActiveCfg = Debug|Any CPU
		{8F1201BD-C179-4403-80BB-891209D99F6E}.Debug|Any CPU.Build.0 = Debug|Any CPU
		{8F1201BD-C179-4403-80BB-891209D99F6E}.Debug|x64.ActiveCfg = Debug|Any CPU
		{8F1201BD-C179-4403-80BB-891209D99F6E}.Debug|x64.Build.0 = Debug|Any CPU
		{8F1201BD-C179-4403-80BB-891209D99F6E}.Debug|x86.ActiveCfg = Debug|Any CPU
		{8F1201BD-C179-4403-80BB-891209D99F6E}.Debug|x86.Build.0 = Debug|Any CPU
		{8F1201BD-C179-4403-80BB-891209D99F6E}.Release|Any CPU.ActiveCfg = Release|Any CPU
		{8F1201BD-C179-4403-80BB-891209D99F6E}.Release|Any CPU.Build.0 = Release|Any CPU
		{8F1201BD-C179-4403-80BB-891209D99F6E}.Release|x64.ActiveCfg = Release|Any CPU
		{8F1201BD-C179-4403-80BB-891209D99F6E}.Release|x64.Build.0 = Release|Any CPU
		{8F1201BD-C179-4403-80BB-891209D99F6E}.Release|x86.ActiveCfg = Release|Any CPU
		{8F1201BD-C179-4403-80BB-891209D99F6E}.Release|x86.Build.0 = Release|Any CPU
		{BF8A699C-DA82-420F-9581-D7CECC6D289E}.Debug|Any CPU.ActiveCfg = Debug|Any CPU
		{BF8A699C-DA82-420F-9581-D7CECC6D289E}.Debug|Any CPU.Build.0 = Debug|Any CPU
		{BF8A699C-DA82-420F-9581-D7CECC6D289E}.Debug|x64.ActiveCfg = Debug|Any CPU
		{BF8A699C-DA82-420F-9581-D7CECC6D289E}.Debug|x64.Build.0 = Debug|Any CPU
		{BF8A699C-DA82-420F-9581-D7CECC6D289E}.Debug|x86.ActiveCfg = Debug|Any CPU
		{BF8A699C-DA82-420F-9581-D7CECC6D289E}.Debug|x86.Build.0 = Debug|Any CPU
		{BF8A699C-DA82-420F-9581-D7CECC6D289E}.Release|Any CPU.ActiveCfg = Release|Any CPU
		{BF8A699C-DA82-420F-9581-D7CECC6D289E}.Release|Any CPU.Build.0 = Release|Any CPU
		{BF8A699C-DA82-420F-9581-D7CECC6D289E}.Release|x64.ActiveCfg = Release|Any CPU
		{BF8A699C-DA82-420F-9581-D7CECC6D289E}.Release|x64.Build.0 = Release|Any CPU
		{BF8A699C-DA82-420F-9581-D7CECC6D289E}.Release|x86.ActiveCfg = Release|Any CPU
		{BF8A699C-DA82-420F-9581-D7CECC6D289E}.Release|x86.Build.0 = Release|Any CPU
		{4FDB53DA-1B3A-44B5-989E-5A8F500B23F2}.Debug|Any CPU.ActiveCfg = Debug|Any CPU
		{4FDB53DA-1B3A-44B5-989E-5A8F500B23F2}.Debug|Any CPU.Build.0 = Debug|Any CPU
		{4FDB53DA-1B3A-44B5-989E-5A8F500B23F2}.Debug|x64.ActiveCfg = Debug|Any CPU
		{4FDB53DA-1B3A-44B5-989E-5A8F500B23F2}.Debug|x64.Build.0 = Debug|Any CPU
		{4FDB53DA-1B3A-44B5-989E-5A8F500B23F2}.Debug|x86.ActiveCfg = Debug|Any CPU
		{4FDB53DA-1B3A-44B5-989E-5A8F500B23F2}.Debug|x86.Build.0 = Debug|Any CPU
		{4FDB53DA-1B3A-44B5-989E-5A8F500B23F2}.Release|Any CPU.ActiveCfg = Release|Any CPU
		{4FDB53DA-1B3A-44B5-989E-5A8F500B23F2}.Release|Any CPU.Build.0 = Release|Any CPU
		{4FDB53DA-1B3A-44B5-989E-5A8F500B23F2}.Release|x64.ActiveCfg = Release|Any CPU
		{4FDB53DA-1B3A-44B5-989E-5A8F500B23F2}.Release|x64.Build.0 = Release|Any CPU
		{4FDB53DA-1B3A-44B5-989E-5A8F500B23F2}.Release|x86.ActiveCfg = Release|Any CPU
		{4FDB53DA-1B3A-44B5-989E-5A8F500B23F2}.Release|x86.Build.0 = Release|Any CPU
		{83DD5EFC-88B8-42E2-AAD2-B3B2F22EAF7C}.Debug|Any CPU.ActiveCfg = Debug|Any CPU
		{83DD5EFC-88B8-42E2-AAD2-B3B2F22EAF7C}.Debug|Any CPU.Build.0 = Debug|Any CPU
		{83DD5EFC-88B8-42E2-AAD2-B3B2F22EAF7C}.Debug|x64.ActiveCfg = Debug|Any CPU
		{83DD5EFC-88B8-42E2-AAD2-B3B2F22EAF7C}.Debug|x64.Build.0 = Debug|Any CPU
		{83DD5EFC-88B8-42E2-AAD2-B3B2F22EAF7C}.Debug|x86.ActiveCfg = Debug|Any CPU
		{83DD5EFC-88B8-42E2-AAD2-B3B2F22EAF7C}.Debug|x86.Build.0 = Debug|Any CPU
		{83DD5EFC-88B8-42E2-AAD2-B3B2F22EAF7C}.Release|Any CPU.ActiveCfg = Release|Any CPU
		{83DD5EFC-88B8-42E2-AAD2-B3B2F22EAF7C}.Release|Any CPU.Build.0 = Release|Any CPU
		{83DD5EFC-88B8-42E2-AAD2-B3B2F22EAF7C}.Release|x64.ActiveCfg = Release|Any CPU
		{83DD5EFC-88B8-42E2-AAD2-B3B2F22EAF7C}.Release|x64.Build.0 = Release|Any CPU
		{83DD5EFC-88B8-42E2-AAD2-B3B2F22EAF7C}.Release|x86.ActiveCfg = Release|Any CPU
		{83DD5EFC-88B8-42E2-AAD2-B3B2F22EAF7C}.Release|x86.Build.0 = Release|Any CPU
		{DF5C2071-FB46-4422-9866-B903957E11C9}.Debug|Any CPU.ActiveCfg = Debug|Any CPU
		{DF5C2071-FB46-4422-9866-B903957E11C9}.Debug|Any CPU.Build.0 = Debug|Any CPU
		{DF5C2071-FB46-4422-9866-B903957E11C9}.Debug|x64.ActiveCfg = Debug|Any CPU
		{DF5C2071-FB46-4422-9866-B903957E11C9}.Debug|x64.Build.0 = Debug|Any CPU
		{DF5C2071-FB46-4422-9866-B903957E11C9}.Debug|x86.ActiveCfg = Debug|Any CPU
		{DF5C2071-FB46-4422-9866-B903957E11C9}.Debug|x86.Build.0 = Debug|Any CPU
		{DF5C2071-FB46-4422-9866-B903957E11C9}.Release|Any CPU.ActiveCfg = Release|Any CPU
		{DF5C2071-FB46-4422-9866-B903957E11C9}.Release|Any CPU.Build.0 = Release|Any CPU
		{DF5C2071-FB46-4422-9866-B903957E11C9}.Release|x64.ActiveCfg = Release|Any CPU
		{DF5C2071-FB46-4422-9866-B903957E11C9}.Release|x64.Build.0 = Release|Any CPU
		{DF5C2071-FB46-4422-9866-B903957E11C9}.Release|x86.ActiveCfg = Release|Any CPU
		{DF5C2071-FB46-4422-9866-B903957E11C9}.Release|x86.Build.0 = Release|Any CPU
		{871ADB8E-B8AE-4745-B3FB-C0688CE17B83}.Debug|Any CPU.ActiveCfg = Debug|Any CPU
		{871ADB8E-B8AE-4745-B3FB-C0688CE17B83}.Debug|Any CPU.Build.0 = Debug|Any CPU
		{871ADB8E-B8AE-4745-B3FB-C0688CE17B83}.Debug|x64.ActiveCfg = Debug|Any CPU
		{871ADB8E-B8AE-4745-B3FB-C0688CE17B83}.Debug|x64.Build.0 = Debug|Any CPU
		{871ADB8E-B8AE-4745-B3FB-C0688CE17B83}.Debug|x86.ActiveCfg = Debug|Any CPU
		{871ADB8E-B8AE-4745-B3FB-C0688CE17B83}.Debug|x86.Build.0 = Debug|Any CPU
		{871ADB8E-B8AE-4745-B3FB-C0688CE17B83}.Release|Any CPU.ActiveCfg = Release|Any CPU
		{871ADB8E-B8AE-4745-B3FB-C0688CE17B83}.Release|Any CPU.Build.0 = Release|Any CPU
		{871ADB8E-B8AE-4745-B3FB-C0688CE17B83}.Release|x64.ActiveCfg = Release|Any CPU
		{871ADB8E-B8AE-4745-B3FB-C0688CE17B83}.Release|x64.Build.0 = Release|Any CPU
		{871ADB8E-B8AE-4745-B3FB-C0688CE17B83}.Release|x86.ActiveCfg = Release|Any CPU
		{871ADB8E-B8AE-4745-B3FB-C0688CE17B83}.Release|x86.Build.0 = Release|Any CPU
		{D86AD5FE-387B-4FEF-9053-6B56106A16CC}.Debug|Any CPU.ActiveCfg = Debug|Any CPU
		{D86AD5FE-387B-4FEF-9053-6B56106A16CC}.Debug|Any CPU.Build.0 = Debug|Any CPU
		{D86AD5FE-387B-4FEF-9053-6B56106A16CC}.Debug|x64.ActiveCfg = Debug|Any CPU
		{D86AD5FE-387B-4FEF-9053-6B56106A16CC}.Debug|x64.Build.0 = Debug|Any CPU
		{D86AD5FE-387B-4FEF-9053-6B56106A16CC}.Debug|x86.ActiveCfg = Debug|Any CPU
		{D86AD5FE-387B-4FEF-9053-6B56106A16CC}.Debug|x86.Build.0 = Debug|Any CPU
		{D86AD5FE-387B-4FEF-9053-6B56106A16CC}.Release|Any CPU.ActiveCfg = Release|Any CPU
		{D86AD5FE-387B-4FEF-9053-6B56106A16CC}.Release|Any CPU.Build.0 = Release|Any CPU
		{D86AD5FE-387B-4FEF-9053-6B56106A16CC}.Release|x64.ActiveCfg = Release|Any CPU
		{D86AD5FE-387B-4FEF-9053-6B56106A16CC}.Release|x64.Build.0 = Release|Any CPU
		{D86AD5FE-387B-4FEF-9053-6B56106A16CC}.Release|x86.ActiveCfg = Release|Any CPU
		{D86AD5FE-387B-4FEF-9053-6B56106A16CC}.Release|x86.Build.0 = Release|Any CPU
		{2C22E4D3-A8E1-4DB0-9F4C-56ACE5EAE352}.Debug|Any CPU.ActiveCfg = Debug|Any CPU
		{2C22E4D3-A8E1-4DB0-9F4C-56ACE5EAE352}.Debug|Any CPU.Build.0 = Debug|Any CPU
		{2C22E4D3-A8E1-4DB0-9F4C-56ACE5EAE352}.Debug|x64.ActiveCfg = Debug|Any CPU
		{2C22E4D3-A8E1-4DB0-9F4C-56ACE5EAE352}.Debug|x64.Build.0 = Debug|Any CPU
		{2C22E4D3-A8E1-4DB0-9F4C-56ACE5EAE352}.Debug|x86.ActiveCfg = Debug|Any CPU
		{2C22E4D3-A8E1-4DB0-9F4C-56ACE5EAE352}.Debug|x86.Build.0 = Debug|Any CPU
		{2C22E4D3-A8E1-4DB0-9F4C-56ACE5EAE352}.Release|Any CPU.ActiveCfg = Release|Any CPU
		{2C22E4D3-A8E1-4DB0-9F4C-56ACE5EAE352}.Release|Any CPU.Build.0 = Release|Any CPU
		{2C22E4D3-A8E1-4DB0-9F4C-56ACE5EAE352}.Release|x64.ActiveCfg = Release|Any CPU
		{2C22E4D3-A8E1-4DB0-9F4C-56ACE5EAE352}.Release|x64.Build.0 = Release|Any CPU
		{2C22E4D3-A8E1-4DB0-9F4C-56ACE5EAE352}.Release|x86.ActiveCfg = Release|Any CPU
		{2C22E4D3-A8E1-4DB0-9F4C-56ACE5EAE352}.Release|x86.Build.0 = Release|Any CPU
	EndGlobalSection
	GlobalSection(SolutionProperties) = preSolution
		HideSolutionNode = FALSE
	EndGlobalSection
	GlobalSection(NestedProjects) = preSolution
		{8B290487-4C16-E85E-E807-F579CBE9FC4D} = {827E0CD3-B72D-47B6-A68D-7590B98EB39B}
		{8F1201BD-C179-4403-80BB-891209D99F6E} = {8B290487-4C16-E85E-E807-F579CBE9FC4D}
		{22BAF98C-8415-17C4-B26A-D537657BC863} = {827E0CD3-B72D-47B6-A68D-7590B98EB39B}
		{BF8A699C-DA82-420F-9581-D7CECC6D289E} = {22BAF98C-8415-17C4-B26A-D537657BC863}
		{4FDB53DA-1B3A-44B5-989E-5A8F500B23F2} = {22BAF98C-8415-17C4-B26A-D537657BC863}
		{9048EB7F-3875-A59E-E36B-5BD4C6F2A282} = {827E0CD3-B72D-47B6-A68D-7590B98EB39B}
		{83DD5EFC-88B8-42E2-AAD2-B3B2F22EAF7C} = {9048EB7F-3875-A59E-E36B-5BD4C6F2A282}
		{DF5C2071-FB46-4422-9866-B903957E11C9} = {0AB3BF05-4346-4AA6-1389-037BE0695223}
		{871ADB8E-B8AE-4745-B3FB-C0688CE17B83} = {0AB3BF05-4346-4AA6-1389-037BE0695223}
		{D86AD5FE-387B-4FEF-9053-6B56106A16CC} = {0AB3BF05-4346-4AA6-1389-037BE0695223}
		{2C22E4D3-A8E1-4DB0-9F4C-56ACE5EAE352} = {0AB3BF05-4346-4AA6-1389-037BE0695223}
	EndGlobalSection
EndGlobal
